{
    "version": 3,
    "terraform_version": "0.11.7",
    "serial": 17,
    "lineage": "1c9dbe11-fb20-9624-1261-9e7a61179863",
    "modules": [
        {
            "path": [
                "root"
            ],
            "outputs": {},
            "resources": {
                "aws_eip.natip": {
                    "type": "aws_eip",
                    "depends_on": [
                        "aws_internet_gateway.inet-gw"
                    ],
                    "primary": {
                        "id": "eipalloc-02f2616c0dd6e52aa",
                        "attributes": {
                            "association_id": "eipassoc-a137876c",
                            "domain": "vpc",
                            "id": "eipalloc-02f2616c0dd6e52aa",
                            "instance": "",
                            "network_interface": "eni-064f8a1a1a539df4b",
                            "private_ip": "172.29.1.119",
                            "public_ip": "18.185.234.188",
                            "tags.%": "0",
                            "vpc": "true"
                        },
                        "meta": {
                            "e2bfb730-ecaa-11e6-8f88-34363bc7c4c0": {
                                "delete": 180000000000,
                                "read": 900000000000,
                                "update": 300000000000
                            }
                        },
                        "tainted": false
                    },
                    "deposed": [],
                    "provider": "provider.aws"
                },
                "aws_internet_gateway.inet-gw": {
                    "type": "aws_internet_gateway",
                    "depends_on": [
                        "aws_vpc.test-vpc1"
                    ],
                    "primary": {
                        "id": "igw-047cc2d60ce6606f8",
                        "attributes": {
                            "id": "igw-047cc2d60ce6606f8",
                            "tags.%": "1",
                            "tags.Name": "inet-gw",
                            "vpc_id": "vpc-0999633905c91312a"
                        },
                        "meta": {},
                        "tainted": false
                    },
                    "deposed": [],
                    "provider": "provider.aws"
                },
                "aws_key_pair.Ubuntu": {
                    "type": "aws_key_pair",
                    "depends_on": [],
                    "primary": {
                        "id": "Ubuntu3",
                        "attributes": {
                            "fingerprint": "68:ea:7f:69:99:74:c9:5c:b2:b0:37:b8:7a:d5:81:24",
                            "id": "Ubuntu3",
                            "key_name": "Ubuntu3",
                            "public_key": "ssh-rsa AAAAB3NzaC1yc2EAAAADAQABAAABAQCWc7HJev/xzBKuK0tDEcacPMjKwc9if9TaCldar8n2YXGCgiNEAd+sU72rtxnnVByWH8D2YPPpTUXeS6WqRec+iVR+KE7djx92cv+qXZ6vcm55LPK4jw/mhAx3g/kq01IPEFgf8oY593rohbQ1rMRmlMcGswpxOOAg39InlrHZ1o1NDyTwgFWW8GBSX2jCGZMCnHUUZ3NBuYrWVvfS3eiRStgPz+M4ASMYTmN7lH8V+mjMCn2VgM3OxMWeZhnJKwHbDyIO8yAB+wzIyzeTZBqMYJUHbgTo0wGMIbOmQq2Ie4yaFcqQdO8C3z6YiqFGeH8BIrU1Bos/v3e4bSq0UOAl imported-openssh-key"
                        },
                        "meta": {
                            "schema_version": "1"
                        },
                        "tainted": false
                    },
                    "deposed": [],
                    "provider": "provider.aws"
                },
                "aws_nat_gateway.nat-gw": {
                    "type": "aws_nat_gateway",
                    "depends_on": [
                        "aws_eip.natip",
                        "aws_subnet.test-vpc1-pub-sub1"
                    ],
                    "primary": {
                        "id": "nat-0afd06d58c2addbe8",
                        "attributes": {
                            "allocation_id": "eipalloc-02f2616c0dd6e52aa",
                            "id": "nat-0afd06d58c2addbe8",
                            "network_interface_id": "eni-064f8a1a1a539df4b",
                            "private_ip": "172.29.1.119",
                            "public_ip": "18.185.234.188",
                            "subnet_id": "subnet-0790b9babba40774a",
                            "tags.%": "1",
                            "tags.Name": "nat-gw"
                        },
                        "meta": {},
                        "tainted": false
                    },
                    "deposed": [],
                    "provider": "provider.aws"
                },
                "aws_route_table.test-vpc1-pr-rt1": {
                    "type": "aws_route_table",
                    "depends_on": [
                        "aws_nat_gateway.nat-gw",
                        "aws_vpc.test-vpc1"
                    ],
                    "primary": {
                        "id": "rtb-0b2f7a262aad2c45e",
                        "attributes": {
                            "id": "rtb-0b2f7a262aad2c45e",
                            "propagating_vgws.#": "0",
                            "route.#": "1",
                            "route.3189313472.cidr_block": "0.0.0.0/0",
                            "route.3189313472.egress_only_gateway_id": "",
                            "route.3189313472.gateway_id": "",
                            "route.3189313472.instance_id": "",
                            "route.3189313472.ipv6_cidr_block": "",
                            "route.3189313472.nat_gateway_id": "nat-0afd06d58c2addbe8",
                            "route.3189313472.network_interface_id": "",
                            "route.3189313472.vpc_peering_connection_id": "",
                            "tags.%": "1",
                            "tags.Name": "test-vpc1-pr-rt1",
                            "vpc_id": "vpc-0999633905c91312a"
                        },
                        "meta": {},
                        "tainted": false
                    },
                    "deposed": [],
                    "provider": "provider.aws"
                },
                "aws_route_table.test-vpc1-pub-rt1": {
                    "type": "aws_route_table",
                    "depends_on": [
                        "aws_internet_gateway.inet-gw",
                        "aws_vpc.test-vpc1"
                    ],
                    "primary": {
                        "id": "rtb-0f596085f5a76ba9c",
                        "attributes": {
                            "id": "rtb-0f596085f5a76ba9c",
                            "propagating_vgws.#": "0",
                            "route.#": "1",
                            "route.1049296521.cidr_block": "0.0.0.0/0",
                            "route.1049296521.egress_only_gateway_id": "",
                            "route.1049296521.gateway_id": "igw-047cc2d60ce6606f8",
                            "route.1049296521.instance_id": "",
                            "route.1049296521.ipv6_cidr_block": "",
                            "route.1049296521.nat_gateway_id": "",
                            "route.1049296521.network_interface_id": "",
                            "route.1049296521.vpc_peering_connection_id": "",
                            "tags.%": "1",
                            "tags.Name": "test-vpc1-pub-rt1",
                            "vpc_id": "vpc-0999633905c91312a"
                        },
                        "meta": {},
                        "tainted": false
                    },
                    "deposed": [],
                    "provider": "provider.aws"
                },
                "aws_security_group.test-vpc1-priv-sg1": {
                    "type": "aws_security_group",
                    "depends_on": [
                        "aws_vpc.test-vpc1"
                    ],
                    "primary": {
                        "id": "sg-0500bf22336fa805d",
                        "attributes": {
                            "arn": "arn:aws:ec2:eu-central-1:039719703704:security-group/sg-0500bf22336fa805d",
                            "description": "Allow all inbound traffic",
                            "egress.#": "0",
                            "id": "sg-0500bf22336fa805d",
                            "ingress.#": "1",
                            "ingress.1403647648.cidr_blocks.#": "1",
                            "ingress.1403647648.cidr_blocks.0": "0.0.0.0/0",
                            "ingress.1403647648.description": "",
                            "ingress.1403647648.from_port": "0",
                            "ingress.1403647648.ipv6_cidr_blocks.#": "0",
                            "ingress.1403647648.protocol": "tcp",
                            "ingress.1403647648.security_groups.#": "0",
                            "ingress.1403647648.self": "false",
                            "ingress.1403647648.to_port": "65535",
                            "name": "test-vpc1-priv-sg1",
                            "owner_id": "039719703704",
                            "revoke_rules_on_delete": "false",
                            "tags.%": "1",
                            "tags.Name": "test-vpc1-priv-sg1",
                            "vpc_id": "vpc-0999633905c91312a"
                        },
                        "meta": {
                            "e2bfb730-ecaa-11e6-8f88-34363bc7c4c0": {
                                "create": 600000000000,
                                "delete": 600000000000
                            },
                            "schema_version": "1"
                        },
                        "tainted": false
                    },
                    "deposed": [],
                    "provider": "provider.aws"
                },
                "aws_security_group.test-vpc1-pub-sg1": {
                    "type": "aws_security_group",
                    "depends_on": [
                        "aws_vpc.test-vpc1"
                    ],
                    "primary": {
                        "id": "sg-02ae1febc6e08a560",
                        "attributes": {
                            "arn": "arn:aws:ec2:eu-central-1:039719703704:security-group/sg-02ae1febc6e08a560",
                            "description": "Allow all inbound traffic",
                            "egress.#": "0",
                            "id": "sg-02ae1febc6e08a560",
                            "ingress.#": "1",
                            "ingress.1403647648.cidr_blocks.#": "1",
                            "ingress.1403647648.cidr_blocks.0": "0.0.0.0/0",
                            "ingress.1403647648.description": "",
                            "ingress.1403647648.from_port": "0",
                            "ingress.1403647648.ipv6_cidr_blocks.#": "0",
                            "ingress.1403647648.protocol": "tcp",
                            "ingress.1403647648.security_groups.#": "0",
                            "ingress.1403647648.self": "false",
                            "ingress.1403647648.to_port": "65535",
                            "name": "test-vpc1-pub-sg1",
                            "owner_id": "039719703704",
                            "revoke_rules_on_delete": "false",
                            "tags.%": "1",
                            "tags.Name": "test-vpc1-pub-sg1",
                            "vpc_id": "vpc-0999633905c91312a"
                        },
                        "meta": {
                            "e2bfb730-ecaa-11e6-8f88-34363bc7c4c0": {
                                "create": 600000000000,
                                "delete": 600000000000
                            },
                            "schema_version": "1"
                        },
                        "tainted": false
                    },
                    "deposed": [],
                    "provider": "provider.aws"
                },
                "aws_subnet.test-vpc1-pr-sub1": {
                    "type": "aws_subnet",
                    "depends_on": [
                        "aws_vpc.test-vpc1"
                    ],
                    "primary": {
                        "id": "subnet-0980700402e0681c3",
                        "attributes": {
                            "assign_ipv6_address_on_creation": "false",
                            "availability_zone": "eu-central-1a",
                            "cidr_block": "172.29.3.0/24",
                            "id": "subnet-0980700402e0681c3",
                            "map_public_ip_on_launch": "false",
                            "tags.%": "1",
                            "tags.Name": "test-vpc1-pr-sub1",
                            "vpc_id": "vpc-0999633905c91312a"
                        },
                        "meta": {
                            "schema_version": "1"
                        },
                        "tainted": false
                    },
                    "deposed": [],
                    "provider": "provider.aws"
                },
                "aws_subnet.test-vpc1-pub-sub1": {
                    "type": "aws_subnet",
                    "depends_on": [
                        "aws_internet_gateway.inet-gw",
                        "aws_vpc.test-vpc1"
                    ],
                    "primary": {
                        "id": "subnet-0790b9babba40774a",
                        "attributes": {
                            "assign_ipv6_address_on_creation": "false",
                            "availability_zone": "eu-central-1a",
                            "cidr_block": "172.29.1.0/24",
                            "id": "subnet-0790b9babba40774a",
                            "map_public_ip_on_launch": "true",
                            "tags.%": "1",
                            "tags.Name": "test-vpc1-pub-sub1",
                            "vpc_id": "vpc-0999633905c91312a"
                        },
                        "meta": {
                            "schema_version": "1"
                        },
                        "tainted": false
                    },
                    "deposed": [],
                    "provider": "provider.aws"
                },
                "aws_subnet.test-vpc1-pub-sub2": {
                    "type": "aws_subnet",
                    "depends_on": [
                        "aws_internet_gateway.inet-gw",
                        "aws_vpc.test-vpc1"
                    ],
                    "primary": {
                        "id": "subnet-077756d83bfaf5dc5",
                        "attributes": {
                            "assign_ipv6_address_on_creation": "false",
                            "availability_zone": "eu-central-1b",
                            "cidr_block": "172.29.2.0/24",
                            "id": "subnet-077756d83bfaf5dc5",
                            "map_public_ip_on_launch": "false",
                            "tags.%": "1",
                            "tags.Name": "test-vpc1-pub-sub2",
                            "vpc_id": "vpc-0999633905c91312a"
                        },
                        "meta": {
                            "schema_version": "1"
                        },
                        "tainted": false
                    },
                    "deposed": [],
                    "provider": "provider.aws"
                },
                "aws_vpc.test-vpc1": {
                    "type": "aws_vpc",
                    "depends_on": [],
                    "primary": {
                        "id": "vpc-0999633905c91312a",
                        "attributes": {
                            "arn": "arn:aws:ec2:eu-central-1:039719703704:vpc/vpc-0999633905c91312a",
                            "assign_generated_ipv6_cidr_block": "false",
                            "cidr_block": "172.29.0.0/16",
                            "default_network_acl_id": "acl-092da01ed5f5d8396",
                            "default_route_table_id": "rtb-0b5ba3bec1252a41e",
                            "default_security_group_id": "sg-0d3f042e4557d2af3",
                            "dhcp_options_id": "dopt-79cb9312",
                            "enable_dns_hostnames": "true",
                            "enable_dns_support": "true",
                            "id": "vpc-0999633905c91312a",
                            "instance_tenancy": "default",
                            "main_route_table_id": "rtb-0b5ba3bec1252a41e",
                            "tags.%": "1",
                            "tags.Name": "test-vpc1"
                        },
                        "meta": {
                            "schema_version": "1"
                        },
                        "tainted": false
                    },
                    "deposed": [],
                    "provider": "provider.aws"
                },
                "data.aws_ami.ubuntu": {
                    "type": "aws_ami",
                    "depends_on": [],
                    "primary": {
                        "id": "ami-027583e616ca104df",
                        "attributes": {
                            "architecture": "x86_64",
                            "block_device_mappings.#": "3",
                            "block_device_mappings.1634610537.device_name": "/dev/sdb",
                            "block_device_mappings.1634610537.ebs.%": "0",
                            "block_device_mappings.1634610537.no_device": "",
                            "block_device_mappings.1634610537.virtual_name": "ephemeral0",
                            "block_device_mappings.2547816212.device_name": "/dev/sda1",
                            "block_device_mappings.2547816212.ebs.%": "6",
                            "block_device_mappings.2547816212.ebs.delete_on_termination": "true",
                            "block_device_mappings.2547816212.ebs.encrypted": "false",
                            "block_device_mappings.2547816212.ebs.iops": "0",
                            "block_device_mappings.2547816212.ebs.snapshot_id": "snap-0a9bff332c1cc9f5a",
                            "block_device_mappings.2547816212.ebs.volume_size": "8",
                            "block_device_mappings.2547816212.ebs.volume_type": "gp2",
                            "block_device_mappings.2547816212.no_device": "",
                            "block_device_mappings.2547816212.virtual_name": "",
                            "block_device_mappings.3850042718.device_name": "/dev/sdc",
                            "block_device_mappings.3850042718.ebs.%": "0",
                            "block_device_mappings.3850042718.no_device": "",
                            "block_device_mappings.3850042718.virtual_name": "ephemeral1",
                            "creation_date": "2018-08-15T12:39:05.000Z",
                            "description": "Canonical, Ubuntu, 16.04 LTS, amd64 xenial image build on 2018-08-14",
                            "filter.#": "2",
                            "filter.1585153008.name": "name",
                            "filter.1585153008.values.#": "1",
                            "filter.1585153008.values.0": "ubuntu/images/hvm-ssd/ubuntu-xenial-16.04-amd64-server-*",
                            "filter.490168357.name": "virtualization-type",
                            "filter.490168357.values.#": "1",
                            "filter.490168357.values.0": "hvm",
                            "hypervisor": "xen",
                            "id": "ami-027583e616ca104df",
                            "image_id": "ami-027583e616ca104df",
                            "image_location": "099720109477/ubuntu/images/hvm-ssd/ubuntu-xenial-16.04-amd64-server-20180814",
                            "image_type": "machine",
                            "most_recent": "true",
                            "name": "ubuntu/images/hvm-ssd/ubuntu-xenial-16.04-amd64-server-20180814",
                            "owner_id": "099720109477",
                            "owners.#": "1",
                            "owners.0": "099720109477",
                            "product_codes.#": "0",
                            "public": "true",
                            "root_device_name": "/dev/sda1",
                            "root_device_type": "ebs",
                            "root_snapshot_id": "snap-0a9bff332c1cc9f5a",
                            "sriov_net_support": "simple",
                            "state": "available",
                            "state_reason.%": "2",
                            "state_reason.code": "UNSET",
                            "state_reason.message": "UNSET",
                            "tags.%": "0",
                            "virtualization_type": "hvm"
                        },
                        "meta": {},
                        "tainted": false
                    },
                    "deposed": [],
                    "provider": "provider.aws"
                }
            },
            "depends_on": []
        }
    ]
}
